<?xml version="1.0" encoding="utf-8"?>
<Project ToolsVersion="4.0" xmlns="http://schemas.microsoft.com/developer/msbuild/2003">
  <ItemGroup>
    <Filter Include="源文件">
      <UniqueIdentifier>{4FC737F1-C7A5-4376-A066-2A32D752A2FF}</UniqueIdentifier>
      <Extensions>cpp;c;cc;cxx;def;odl;idl;hpj;bat;asm;asmx</Extensions>
    </Filter>
    <Filter Include="头文件">
      <UniqueIdentifier>{93995380-89BD-4b04-88EB-625FBE52EBFB}</UniqueIdentifier>
      <Extensions>h;hh;hpp;hxx;hm;inl;inc;xsd</Extensions>
    </Filter>
    <Filter Include="资源文件">
      <UniqueIdentifier>{67DA6AB6-F800-4c08-8B7A-83BB121AAD01}</UniqueIdentifier>
      <Extensions>rc;ico;cur;bmp;dlg;rc2;rct;bin;rgs;gif;jpg;jpeg;jpe;resx;tiff;tif;png;wav;mfcribbon-ms</Extensions>
    </Filter>
    <Filter Include="Reactor">
      <UniqueIdentifier>{b2a3dadf-add9-4c7b-ad8c-5d8c05ec2206}</UniqueIdentifier>
    </Filter>
    <Filter Include="IoPeer">
      <UniqueIdentifier>{55ebb740-80b7-41d7-87be-f2f95b1d4ae2}</UniqueIdentifier>
    </Filter>
    <Filter Include="Reactor\Iocp">
      <UniqueIdentifier>{684dcaf1-436d-4998-b705-1b5fd8bbc009}</UniqueIdentifier>
    </Filter>
    <Filter Include="Util">
      <UniqueIdentifier>{49afbc91-6af9-4f3a-a67d-949bec1bb7d6}</UniqueIdentifier>
    </Filter>
    <Filter Include="NetPacket">
      <UniqueIdentifier>{3ec3ed79-68da-419a-b538-b8140586534e}</UniqueIdentifier>
    </Filter>
    <Filter Include="Session">
      <UniqueIdentifier>{18320823-e0b2-4af5-b65a-e00c772d7801}</UniqueIdentifier>
    </Filter>
    <Filter Include="Manager">
      <UniqueIdentifier>{e3d22bbc-515c-433b-b501-d5447e3ed663}</UniqueIdentifier>
    </Filter>
  </ItemGroup>
  <ItemGroup>
    <ClInclude Include="stdafx.h">
      <Filter>头文件</Filter>
    </ClInclude>
    <ClInclude Include="targetver.h">
      <Filter>头文件</Filter>
    </ClInclude>
    <ClInclude Include="Reactor\Iocp\IocpReactor.h">
      <Filter>Reactor\Iocp</Filter>
    </ClInclude>
    <ClInclude Include="Reactor\ReactorBase.h">
      <Filter>Reactor</Filter>
    </ClInclude>
    <ClInclude Include="IoPeer\IoPeerBase.h">
      <Filter>IoPeer</Filter>
    </ClInclude>
    <ClInclude Include="IoPeer\IoPeerIocpTcp.h">
      <Filter>IoPeer</Filter>
    </ClInclude>
    <ClInclude Include="Util\RingBuffer.hpp">
      <Filter>Util</Filter>
    </ClInclude>
    <ClInclude Include="Packet\NetPacket.h">
      <Filter>NetPacket</Filter>
    </ClInclude>
    <ClInclude Include="Session\SessionBase.h">
      <Filter>Session</Filter>
    </ClInclude>
    <ClInclude Include="Util\SafeQueue.hpp">
      <Filter>Util</Filter>
    </ClInclude>
    <ClInclude Include="Util\MemoryStream.hpp">
      <Filter>Util</Filter>
    </ClInclude>
    <ClInclude Include="IoPeer\IoPeerIocpAccept.h">
      <Filter>IoPeer</Filter>
    </ClInclude>
    <ClInclude Include="Manager\SessionManager.h">
      <Filter>Manager</Filter>
    </ClInclude>
    <ClInclude Include="Reactor\Iocp\IocpWorkerThread.h">
      <Filter>Reactor\Iocp</Filter>
    </ClInclude>
    <ClInclude Include="NetBaseHeader.h">
      <Filter>头文件</Filter>
    </ClInclude>
    <ClInclude Include="Util\CRC.h">
      <Filter>Util</Filter>
    </ClInclude>
    <ClInclude Include="Util\SafeSingleton.hpp">
      <Filter>Util</Filter>
    </ClInclude>
  </ItemGroup>
  <ItemGroup>
    <ClCompile Include="stdafx.cpp">
      <Filter>源文件</Filter>
    </ClCompile>
    <ClCompile Include="NetBase.cpp">
      <Filter>源文件</Filter>
    </ClCompile>
    <ClCompile Include="Reactor\Iocp\IocpReactor.cpp">
      <Filter>Reactor\Iocp</Filter>
    </ClCompile>
    <ClCompile Include="Reactor\ReactorBase.cpp">
      <Filter>Reactor</Filter>
    </ClCompile>
    <ClCompile Include="IoPeer\IoPeerBase.cpp">
      <Filter>IoPeer</Filter>
    </ClCompile>
    <ClCompile Include="IoPeer\IoPeerIocpTcp.cpp">
      <Filter>IoPeer</Filter>
    </ClCompile>
    <ClCompile Include="Packet\NetPacket.cpp">
      <Filter>NetPacket</Filter>
    </ClCompile>
    <ClCompile Include="Session\SessionBase.cpp">
      <Filter>Session</Filter>
    </ClCompile>
    <ClCompile Include="IoPeer\IoPeerIocpAccept.cpp">
      <Filter>IoPeer</Filter>
    </ClCompile>
    <ClCompile Include="Manager\SessionManager.cpp">
      <Filter>Manager</Filter>
    </ClCompile>
    <ClCompile Include="Reactor\Iocp\IocpWorkerThread.cpp">
      <Filter>Reactor\Iocp</Filter>
    </ClCompile>
  </ItemGroup>
</Project>