<?xml version="1.0" encoding="utf-8"?>
<Project ToolsVersion="4.0" xmlns="http://schemas.microsoft.com/developer/msbuild/2003">
  <ItemGroup>
    <Filter Include="源文件">
      <UniqueIdentifier>{4FC737F1-C7A5-4376-A066-2A32D752A2FF}</UniqueIdentifier>
      <Extensions>cpp;c;cc;cxx;def;odl;idl;hpj;bat;asm;asmx</Extensions>
    </Filter>
    <Filter Include="头文件">
      <UniqueIdentifier>{93995380-89BD-4b04-88EB-625FBE52EBFB}</UniqueIdentifier>
      <Extensions>h;hpp;hxx;hm;inl;inc;xsd</Extensions>
    </Filter>
    <Filter Include="资源文件">
      <UniqueIdentifier>{67DA6AB6-F800-4c08-8B7A-83BB121AAD01}</UniqueIdentifier>
      <Extensions>rc;ico;cur;bmp;dlg;rc2;rct;bin;rgs;gif;jpg;jpeg;jpe;resx;tiff;tif;png;wav;mfcribbon-ms</Extensions>
    </Filter>
  </ItemGroup>
  <ItemGroup>
    <Text Include="ReadMe.txt" />
  </ItemGroup>
  <ItemGroup>
    <ClInclude Include="stdafx.h">
      <Filter>头文件</Filter>
    </ClInclude>
    <ClInclude Include="targetver.h">
      <Filter>头文件</Filter>
    </ClInclude>
    <ClInclude Include="EGL\egl.h">
      <Filter>头文件</Filter>
    </ClInclude>
    <ClInclude Include="detours\detours.h">
      <Filter>头文件</Filter>
    </ClInclude>
    <ClInclude Include="detours\detver.h">
      <Filter>头文件</Filter>
    </ClInclude>
    <ClInclude Include="detours\targetver.h">
      <Filter>头文件</Filter>
    </ClInclude>
    <ClInclude Include="Log\Log.h">
      <Filter>头文件</Filter>
    </ClInclude>
    <ClInclude Include="..\common\DetoursGlDef.h">
      <Filter>头文件</Filter>
    </ClInclude>
    <ClInclude Include="..\common\GLES2\gl2.h">
      <Filter>头文件</Filter>
    </ClInclude>
    <ClInclude Include="..\common\GLES2\gl2ext.h">
      <Filter>头文件</Filter>
    </ClInclude>
    <ClInclude Include="..\common\GLES2\gl2platform.h">
      <Filter>头文件</Filter>
    </ClInclude>
    <ClInclude Include="BufferObjectMgr.h">
      <Filter>头文件</Filter>
    </ClInclude>
    <ClInclude Include="VertexAttribMgr.h">
      <Filter>头文件</Filter>
    </ClInclude>
    <ClInclude Include="TextureMgr.h">
      <Filter>头文件</Filter>
    </ClInclude>
    <ClInclude Include="EglContextMgr.h">
      <Filter>头文件</Filter>
    </ClInclude>
    <ClInclude Include="TlsInstance.h">
      <Filter>头文件</Filter>
    </ClInclude>
    <ClInclude Include="..\common\EGL\egl.h">
      <Filter>头文件</Filter>
    </ClInclude>
    <ClInclude Include="ShaderMgr.h">
      <Filter>头文件</Filter>
    </ClInclude>
    <ClInclude Include="ClientMessage.h">
      <Filter>头文件</Filter>
    </ClInclude>
    <ClInclude Include="..\common\OpCode.h">
      <Filter>头文件</Filter>
    </ClInclude>
  </ItemGroup>
  <ItemGroup>
    <ClCompile Include="stdafx.cpp">
      <Filter>源文件</Filter>
    </ClCompile>
    <ClCompile Include="OpenglHook.cpp">
      <Filter>源文件</Filter>
    </ClCompile>
    <ClCompile Include="detours\creatwth.cpp">
      <Filter>源文件</Filter>
    </ClCompile>
    <ClCompile Include="detours\detours.cpp">
      <Filter>源文件</Filter>
    </ClCompile>
    <ClCompile Include="detours\disasm.cpp">
      <Filter>源文件</Filter>
    </ClCompile>
    <ClCompile Include="detours\image.cpp">
      <Filter>源文件</Filter>
    </ClCompile>
    <ClCompile Include="detours\modules.cpp">
      <Filter>源文件</Filter>
    </ClCompile>
    <ClCompile Include="Log\Log.cpp">
      <Filter>源文件</Filter>
    </ClCompile>
    <ClCompile Include="dllmain.cpp">
      <Filter>源文件</Filter>
    </ClCompile>
    <ClCompile Include="BufferObjectMgr.cpp">
      <Filter>源文件</Filter>
    </ClCompile>
    <ClCompile Include="VertexAttribMgr.cpp">
      <Filter>源文件</Filter>
    </ClCompile>
    <ClCompile Include="..\common\DetoursGlDef.cpp">
      <Filter>源文件</Filter>
    </ClCompile>
    <ClCompile Include="TextureMgr.cpp">
      <Filter>源文件</Filter>
    </ClCompile>
    <ClCompile Include="EglContextMgr.cpp">
      <Filter>源文件</Filter>
    </ClCompile>
    <ClCompile Include="TlsInstance.cpp">
      <Filter>源文件</Filter>
    </ClCompile>
    <ClCompile Include="ShaderMgr.cpp">
      <Filter>源文件</Filter>
    </ClCompile>
    <ClCompile Include="..\TexTool\TexTool\TexTool.cpp">
      <Filter>源文件</Filter>
    </ClCompile>
    <ClCompile Include="ClientMessage.cpp">
      <Filter>源文件</Filter>
    </ClCompile>
  </ItemGroup>
</Project>